
Microsoft Visual Studio Solution File, Format Version 12.00
# Visual Studio Version 17
VisualStudioVersion = 17.11.35327.3
MinimumVisualStudioVersion = 10.0.40219.1
Project("{FAE04EC0-301F-11D3-BF4B-00C04F79EFBC}") = "WashinApi", "WashinApi\WashinApi.csproj", "{8CE07A5F-BC41-43AD-936B-BAA627EBD986}"
EndProject
Global
	GlobalSection(SolutionConfigurationPlatforms) = preSolution
		Debug|Any CPU = Debug|Any CPU
		Release|Any CPU = Release|Any CPU
	EndGlobalSection
	GlobalSection(ProjectConfigurationPlatforms) = postSolution
		{8CE07A5F-BC41-43AD-936B-BAA627EBD986}.Debug|Any CPU.ActiveCfg = Debug|Any CPU
		{8CE07A5F-BC41-43AD-936B-BAA627EBD986}.Debug|Any CPU.Build.0 = Debug|Any CPU
		{8CE07A5F-BC41-43AD-936B-BAA627EBD986}.Release|Any CPU.ActiveCfg = Release|Any CPU
		{8CE07A5F-BC41-43AD-936B-BAA627EBD986}.Release|Any CPU.Build.0 = Release|Any CPU
	EndGlobalSection
	GlobalSection(SolutionProperties) = preSolution
		HideSolutionNode = FALSE
	EndGlobalSection
	GlobalSection(ExtensibilityGlobals) = postSolution
		SolutionGuid = {4316D1B7-FCDF-4DD2-BC29-5BAC741F0027}
	EndGlobalSection
EndGlobal
