
Microsoft Visual Studio Solution File, Format Version 12.00
# Visual Studio Version 17
VisualStudioVersion = 17.11.35327.3
MinimumVisualStudioVersion = 10.0.40219.1
Project("{FAE04EC0-301F-11D3-BF4B-00C04F79EFBC}") = "WashingMachine", "WashingMachine.csproj", "{571334BF-CC54-4F56-A6F8-202D3A8CF481}"
EndProject
Project("{2150E333-8FDC-42A3-9474-1A3956D46DE8}") = "Éléments de solution", "Éléments de solution", "{C8E3EFDF-C98D-4134-ACE2-C2B9711D3C5B}"
EndProject
Global
	GlobalSection(SolutionConfigurationPlatforms) = preSolution
		Debug|Any CPU = Debug|Any CPU
		Release|Any CPU = Release|Any CPU
	EndGlobalSection
	GlobalSection(ProjectConfigurationPlatforms) = postSolution
		{571334BF-CC54-4F56-A6F8-202D3A8CF481}.Debug|Any CPU.ActiveCfg = Debug|Any CPU
		{571334BF-CC54-4F56-A6F8-202D3A8CF481}.Debug|Any CPU.Build.0 = Debug|Any CPU
		{571334BF-CC54-4F56-A6F8-202D3A8CF481}.Release|Any CPU.ActiveCfg = Release|Any CPU
		{571334BF-CC54-4F56-A6F8-202D3A8CF481}.Release|Any CPU.Build.0 = Release|Any CPU
	EndGlobalSection
	GlobalSection(SolutionProperties) = preSolution
		HideSolutionNode = FALSE
	EndGlobalSection
	GlobalSection(ExtensibilityGlobals) = postSolution
		SolutionGuid = {5E21B407-EF3E-4C3C-BF18-F7022B09280D}
	EndGlobalSection
EndGlobal
